
Microsoft Visual Studio Solution File, Format Version 12.00
# Visual Studio 15
VisualStudioVersion = 15.0.28307.902
MinimumVisualStudioVersion = 10.0.40219.1
Project("{8BC9CEB8-8B4A-11D0-8D11-00A0C91BC942}") = "1_DevEnv", "1_DevEnv\1_DevEnv.vcxproj", "{ECD3B6BB-C3FE-4560-B639-0D7A15BDD48A}"
EndProject
Project("{8BC9CEB8-8B4A-11D0-8D11-00A0C91BC942}") = "2_SetupVulkan", "2_SetupVulkan\2_SetupVulkan.vcxproj", "{EBEF9DB0-FA0D-4C25-ACD2-D5667FE4E10A}"
EndProject
Project("{8BC9CEB8-8B4A-11D0-8D11-00A0C91BC942}") = "LabCode", "LabCode\LabCode.vcxproj", "{96573D2F-5C86-4FFD-A8D6-416853CEC15C}"
EndProject
Project("{8BC9CEB8-8B4A-11D0-8D11-00A0C91BC942}") = "3_Presentation", "3_Presentation\3_Presentation.vcxproj", "{5B244412-C11C-440D-91B2-ADB006170748}"
EndProject
Global
	GlobalSection(SolutionConfigurationPlatforms) = preSolution
		Debug|x64 = Debug|x64
		Debug|x86 = Debug|x86
		Release|x64 = Release|x64
		Release|x86 = Release|x86
	EndGlobalSection
	GlobalSection(ProjectConfigurationPlatforms) = postSolution
		{ECD3B6BB-C3FE-4560-B639-0D7A15BDD48A}.Debug|x64.ActiveCfg = Debug|x64
		{ECD3B6BB-C3FE-4560-B639-0D7A15BDD48A}.Debug|x64.Build.0 = Debug|x64
		{ECD3B6BB-C3FE-4560-B639-0D7A15BDD48A}.Debug|x86.ActiveCfg = Debug|Win32
		{ECD3B6BB-C3FE-4560-B639-0D7A15BDD48A}.Debug|x86.Build.0 = Debug|Win32
		{ECD3B6BB-C3FE-4560-B639-0D7A15BDD48A}.Release|x64.ActiveCfg = Release|x64
		{ECD3B6BB-C3FE-4560-B639-0D7A15BDD48A}.Release|x64.Build.0 = Release|x64
		{ECD3B6BB-C3FE-4560-B639-0D7A15BDD48A}.Release|x86.ActiveCfg = Release|Win32
		{ECD3B6BB-C3FE-4560-B639-0D7A15BDD48A}.Release|x86.Build.0 = Release|Win32
		{EBEF9DB0-FA0D-4C25-ACD2-D5667FE4E10A}.Debug|x64.ActiveCfg = Debug|x64
		{EBEF9DB0-FA0D-4C25-ACD2-D5667FE4E10A}.Debug|x64.Build.0 = Debug|x64
		{EBEF9DB0-FA0D-4C25-ACD2-D5667FE4E10A}.Debug|x86.ActiveCfg = Debug|Win32
		{EBEF9DB0-FA0D-4C25-ACD2-D5667FE4E10A}.Debug|x86.Build.0 = Debug|Win32
		{EBEF9DB0-FA0D-4C25-ACD2-D5667FE4E10A}.Release|x64.ActiveCfg = Release|x64
		{EBEF9DB0-FA0D-4C25-ACD2-D5667FE4E10A}.Release|x64.Build.0 = Release|x64
		{EBEF9DB0-FA0D-4C25-ACD2-D5667FE4E10A}.Release|x86.ActiveCfg = Release|Win32
		{EBEF9DB0-FA0D-4C25-ACD2-D5667FE4E10A}.Release|x86.Build.0 = Release|Win32
		{96573D2F-5C86-4FFD-A8D6-416853CEC15C}.Debug|x64.ActiveCfg = Debug|x64
		{96573D2F-5C86-4FFD-A8D6-416853CEC15C}.Debug|x64.Build.0 = Debug|x64
		{96573D2F-5C86-4FFD-A8D6-416853CEC15C}.Debug|x86.ActiveCfg = Debug|Win32
		{96573D2F-5C86-4FFD-A8D6-416853CEC15C}.Debug|x86.Build.0 = Debug|Win32
		{96573D2F-5C86-4FFD-A8D6-416853CEC15C}.Release|x64.ActiveCfg = Release|x64
		{96573D2F-5C86-4FFD-A8D6-416853CEC15C}.Release|x64.Build.0 = Release|x64
		{96573D2F-5C86-4FFD-A8D6-416853CEC15C}.Release|x86.ActiveCfg = Release|Win32
		{96573D2F-5C86-4FFD-A8D6-416853CEC15C}.Release|x86.Build.0 = Release|Win32
		{5B244412-C11C-440D-91B2-ADB006170748}.Debug|x64.ActiveCfg = Debug|x64
		{5B244412-C11C-440D-91B2-ADB006170748}.Debug|x64.Build.0 = Debug|x64
		{5B244412-C11C-440D-91B2-ADB006170748}.Debug|x86.ActiveCfg = Debug|Win32
		{5B244412-C11C-440D-91B2-ADB006170748}.Debug|x86.Build.0 = Debug|Win32
		{5B244412-C11C-440D-91B2-ADB006170748}.Release|x64.ActiveCfg = Release|x64
		{5B244412-C11C-440D-91B2-ADB006170748}.Release|x64.Build.0 = Release|x64
		{5B244412-C11C-440D-91B2-ADB006170748}.Release|x86.ActiveCfg = Release|Win32
		{5B244412-C11C-440D-91B2-ADB006170748}.Release|x86.Build.0 = Release|Win32
	EndGlobalSection
	GlobalSection(SolutionProperties) = preSolution
		HideSolutionNode = FALSE
	EndGlobalSection
	GlobalSection(ExtensibilityGlobals) = postSolution
		SolutionGuid = {33E8D0B0-6E0C-417B-AB44-CD163C9E4237}
	EndGlobalSection
EndGlobal
